// !$*UTF8*$!
{
	archiveVersion = 1;
	classes = {
	};
	objectVersion = 46;
	objects = {

/* Begin PBXBuildFile section */
		DE6B079A1F4F0851009BE7BD /* FrutaCell.swift in Sources */ = {isa = PBXBuildFile; fileRef = DE6B07991F4F0851009BE7BD /* FrutaCell.swift */; };
		DE6B079C1F4F16EF009BE7BD /* DetalhesFrutasViewController.swift in Sources */ = {isa = PBXBuildFile; fileRef = DE6B079B1F4F16EF009BE7BD /* DetalhesFrutasViewController.swift */; };
		DEC2BBFF1F4E0928005E3877 /* AppDelegate.swift in Sources */ = {isa = PBXBuildFile; fileRef = DEC2BBFE1F4E0928005E3877 /* AppDelegate.swift */; };
		DEC2BC041F4E0928005E3877 /* Main.storyboard in Resources */ = {isa = PBXBuildFile; fileRef = DEC2BC021F4E0928005E3877 /* Main.storyboard */; };
		DEC2BC061F4E0928005E3877 /* Assets.xcassets in Resources */ = {isa = PBXBuildFile; fileRef = DEC2BC051F4E0928005E3877 /* Assets.xcassets */; };
		DEC2BC091F4E0928005E3877 /* LaunchScreen.storyboard in Resources */ = {isa = PBXBuildFile; fileRef = DEC2BC071F4E0928005E3877 /* LaunchScreen.storyboard */; };
		DEC2BC111F4E4D5E005E3877 /* FrutasTableViewController.swift in Sources */ = {isa = PBXBuildFile; fileRef = DEC2BC101F4E4D5E005E3877 /* FrutasTableViewController.swift */; };
		DEC2BC131F4E880A005E3877 /* Produto.swift in Sources */ = {isa = PBXBuildFile; fileRef = DEC2BC121F4E880A005E3877 /* Produto.swift */; };
/* End PBXBuildFile section */

/* Begin PBXFileReference section */
		DE6B07991F4F0851009BE7BD /* FrutaCell.swift */ = {isa = PBXFileReference; fileEncoding = 4; lastKnownFileType = sourcecode.swift; path = FrutaCell.swift; sourceTree = "<group>"; };
		DE6B079B1F4F16EF009BE7BD /* DetalhesFrutasViewController.swift */ = {isa = PBXFileReference; fileEncoding = 4; lastKnownFileType = sourcecode.swift; path = DetalhesFrutasViewController.swift; sourceTree = "<group>"; };
		DEC2BBFB1F4E0928005E3877 /* HortiFruti.app */ = {isa = PBXFileReference; explicitFileType = wrapper.application; includeInIndex = 0; path = HortiFruti.app; sourceTree = BUILT_PRODUCTS_DIR; };
		DEC2BBFE1F4E0928005E3877 /* AppDelegate.swift */ = {isa = PBXFileReference; lastKnownFileType = sourcecode.swift; path = AppDelegate.swift; sourceTree = "<group>"; };
		DEC2BC031F4E0928005E3877 /* Base */ = {isa = PBXFileReference; lastKnownFileType = file.storyboard; name = Base; path = Base.lproj/Main.storyboard; sourceTree = "<group>"; };
		DEC2BC051F4E0928005E3877 /* Assets.xcassets */ = {isa = PBXFileReference; lastKnownFileType = folder.assetcatalog; path = Assets.xcassets; sourceTree = "<group>"; };
		DEC2BC081F4E0928005E3877 /* Base */ = {isa = PBXFileReference; lastKnownFileType = file.storyboard; name = Base; path = Base.lproj/LaunchScreen.storyboard; sourceTree = "<group>"; };
		DEC2BC0A1F4E0928005E3877 /* Info.plist */ = {isa = PBXFileReference; lastKnownFileType = text.plist.xml; path = Info.plist; sourceTree = "<group>"; };
		DEC2BC101F4E4D5E005E3877 /* FrutasTableViewController.swift */ = {isa = PBXFileReference; fileEncoding = 4; lastKnownFileType = sourcecode.swift; path = FrutasTableViewController.swift; sourceTree = "<group>"; };
		DEC2BC121F4E880A005E3877 /* Produto.swift */ = {isa = PBXFileReference; fileEncoding = 4; lastKnownFileType = sourcecode.swift; path = Produto.swift; sourceTree = "<group>"; };
/* End PBXFileReference section */

/* Begin PBXFrameworksBuildPhase section */
		DEC2BBF81F4E0928005E3877 /* Frameworks */ = {
			isa = PBXFrameworksBuildPhase;
			buildActionMask = 2147483647;
			files = (
			);
			runOnlyForDeploymentPostprocessing = 0;
		};
/* End PBXFrameworksBuildPhase section */

/* Begin PBXGroup section */
		DE6B079D1F4F2723009BE7BD /* ViewController */ = {
			isa = PBXGroup;
			children = (
				DEC2BC101F4E4D5E005E3877 /* FrutasTableViewController.swift */,
				DE6B079B1F4F16EF009BE7BD /* DetalhesFrutasViewController.swift */,
			);
			name = ViewController;
			sourceTree = "<group>";
		};
		DE6B079E1F4F2757009BE7BD /* View */ = {
			isa = PBXGroup;
			children = (
				DE6B07991F4F0851009BE7BD /* FrutaCell.swift */,
			);
			name = View;
			sourceTree = "<group>";
		};
		DE6B079F1F4F27A8009BE7BD /* Model */ = {
			isa = PBXGroup;
			children = (
				DEC2BC121F4E880A005E3877 /* Produto.swift */,
			);
			name = Model;
			sourceTree = "<group>";
		};
		DEC2BBF21F4E0927005E3877 = {
			isa = PBXGroup;
			children = (
				DEC2BBFD1F4E0928005E3877 /* HortiFruti */,
				DEC2BBFC1F4E0928005E3877 /* Products */,
			);
			sourceTree = "<group>";
		};
		DEC2BBFC1F4E0928005E3877 /* Products */ = {
			isa = PBXGroup;
			children = (
				DEC2BBFB1F4E0928005E3877 /* HortiFruti.app */,
			);
			name = Products;
			sourceTree = "<group>";
		};
		DEC2BBFD1F4E0928005E3877 /* HortiFruti */ = {
			isa = PBXGroup;
			children = (
				DEC2BBFE1F4E0928005E3877 /* AppDelegate.swift */,
				DE6B079E1F4F2757009BE7BD /* View */,
				DE6B079D1F4F2723009BE7BD /* ViewController */,
				DE6B079F1F4F27A8009BE7BD /* Model */,
				DEC2BC021F4E0928005E3877 /* Main.storyboard */,
				DEC2BC051F4E0928005E3877 /* Assets.xcassets */,
				DEC2BC071F4E0928005E3877 /* LaunchScreen.storyboard */,
				DEC2BC0A1F4E0928005E3877 /* Info.plist */,
			);
			path = HortiFruti;
			sourceTree = "<group>";
		};
/* End PBXGroup section */

/* Begin PBXNativeTarget section */
		DEC2BBFA1F4E0928005E3877 /* HortiFruti */ = {
			isa = PBXNativeTarget;
			buildConfigurationList = DEC2BC0D1F4E0928005E3877 /* Build configuration list for PBXNativeTarget "HortiFruti" */;
			buildPhases = (
				DEC2BBF71F4E0928005E3877 /* Sources */,
				DEC2BBF81F4E0928005E3877 /* Frameworks */,
				DEC2BBF91F4E0928005E3877 /* Resources */,
			);
			buildRules = (
			);
			dependencies = (
			);
			name = HortiFruti;
			productName = HortiFruti;
			productReference = DEC2BBFB1F4E0928005E3877 /* HortiFruti.app */;
			productType = "com.apple.product-type.application";
		};
/* End PBXNativeTarget section */

/* Begin PBXProject section */
		DEC2BBF31F4E0927005E3877 /* Project object */ = {
			isa = PBXProject;
			attributes = {
				LastSwiftUpdateCheck = 0830;
				LastUpgradeCheck = 0830;
				ORGANIZATIONNAME = "ROBSON NUNES DE SOUZA";
				TargetAttributes = {
					DEC2BBFA1F4E0928005E3877 = {
						CreatedOnToolsVersion = 8.3.3;
						DevelopmentTeam = 586Y78R5TK;
						ProvisioningStyle = Automatic;
					};
				};
			};
			buildConfigurationList = DEC2BBF61F4E0927005E3877 /* Build configuration list for PBXProject "HortiFruti" */;
			compatibilityVersion = "Xcode 3.2";
			developmentRegion = English;
			hasScannedForEncodings = 0;
			knownRegions = (
				en,
				Base,
			);
			mainGroup = DEC2BBF21F4E0927005E3877;
			productRefGroup = DEC2BBFC1F4E0928005E3877 /* Products */;
			projectDirPath = "";
			projectRoot = "";
			targets = (
				DEC2BBFA1F4E0928005E3877 /* HortiFruti */,
			);
		};
/* End PBXProject section */

/* Begin PBXResourcesBuildPhase section */
		DEC2BBF91F4E0928005E3877 /* Resources */ = {
			isa = PBXResourcesBuildPhase;
			buildActionMask = 2147483647;
			files = (
				DEC2BC091F4E0928005E3877 /* LaunchScreen.storyboard in Resources */,
				DEC2BC061F4E0928005E3877 /* Assets.xcassets in Resources */,
				DEC2BC041F4E0928005E3877 /* Main.storyboard in Resources */,
			);
			runOnlyForDeploymentPostprocessing = 0;
		};
/* End PBXResourcesBuildPhase section */

/* Begin PBXSourcesBuildPhase section */
		DEC2BBF71F4E0928005E3877 /* Sources */ = {
			isa = PBXSourcesBuildPhase;
			buildActionMask = 2147483647;
			files = (
				DE6B079C1F4F16EF009BE7BD /* DetalhesFrutasViewController.swift in Sources */,
				DE6B079A1F4F0851009BE7BD /* FrutaCell.swift in Sources */,
				DEC2BC111F4E4D5E005E3877 /* FrutasTableViewController.swift in Sources */,
				DEC2BC131F4E880A005E3877 /* Produto.swift in Sources */,
				DEC2BBFF1F4E0928005E3877 /* AppDelegate.swift in Sources */,
			);
			runOnlyForDeploymentPostprocessing = 0;
		};
/* End PBXSourcesBuildPhase section */

/* Begin PBXVariantGroup section */
		DEC2BC021F4E0928005E3877 /* Main.storyboard */ = {
			isa = PBXVariantGroup;
			children = (
				DEC2BC031F4E0928005E3877 /* Base */,
			);
			name = Main.storyboard;
			sourceTree = "<group>";
		};
		DEC2BC071F4E0928005E3877 /* LaunchScreen.storyboard */ = {
			isa = PBXVariantGroup;
			children = (
				DEC2BC081F4E0928005E3877 /* Base */,
			);
			name = LaunchScreen.storyboard;
			sourceTree = "<group>";
		};
/* End PBXVariantGroup section */

/* Begin XCBuildConfiguration section */
		DEC2BC0B1F4E0928005E3877 /* Debug */ = {
			isa = XCBuildConfiguration;
			buildSettings = {
				ALWAYS_SEARCH_USER_PATHS = NO;
				CLANG_ANALYZER_NONNULL = YES;
				CLANG_ANALYZER_NUMBER_OBJECT_CONVERSION = YES_AGGRESSIVE;
				CLANG_CXX_LANGUAGE_STANDARD = "gnu++0x";
				CLANG_CXX_LIBRARY = "libc++";
				CLANG_ENABLE_MODULES = YES;
				CLANG_ENABLE_OBJC_ARC = YES;
				CLANG_WARN_BOOL_CONVERSION = YES;
				CLANG_WARN_CONSTANT_CONVERSION = YES;
				CLANG_WARN_DIRECT_OBJC_ISA_USAGE = YES_ERROR;
				CLANG_WARN_DOCUMENTATION_COMMENTS = YES;
				CLANG_WARN_EMPTY_BODY = YES;
				CLANG_WARN_ENUM_CONVERSION = YES;
				CLANG_WARN_INFINITE_RECURSION = YES;
				CLANG_WARN_INT_CONVERSION = YES;
				CLANG_WARN_OBJC_ROOT_CLASS = YES_ERROR;
				CLANG_WARN_SUSPICIOUS_MOVE = YES;
				CLANG_WARN_UNREACHABLE_CODE = YES;
				CLANG_WARN__DUPLICATE_METHOD_MATCH = YES;
				"CODE_SIGN_IDENTITY[sdk=iphoneos*]" = "iPhone Developer";
				COPY_PHASE_STRIP = NO;
				DEBUG_INFORMATION_FORMAT = dwarf;
				ENABLE_STRICT_OBJC_MSGSEND = YES;
				ENABLE_TESTABILITY = YES;
				GCC_C_LANGUAGE_STANDARD = gnu99;
				GCC_DYNAMIC_NO_PIC = NO;
				GCC_NO_COMMON_BLOCKS = YES;
				GCC_OPTIMIZATION_LEVEL = 0;
				GCC_PREPROCESSOR_DEFINITIONS = (
					"DEBUG=1",
					"$(inherited)",
				);
				GCC_WARN_64_TO_32_BIT_CONVERSION = YES;
				GCC_WARN_ABOUT_RETURN_TYPE = YES_ERROR;
				GCC_WARN_UNDECLARED_SELECTOR = YES;
				GCC_WARN_UNINITIALIZED_AUTOS = YES_AGGRESSIVE;
				GCC_WARN_UNUSED_FUNCTION = YES;
				GCC_WARN_UNUSED_VARIABLE = YES;
				IPHONEOS_DEPLOYMENT_TARGET = 10.3;
				MTL_ENABLE_DEBUG_INFO = YES;
				ONLY_ACTIVE_ARCH = YES;
				SDKROOT = iphoneos;
				SWIFT_ACTIVE_COMPILATION_CONDITIONS = DEBUG;
				SWIFT_OPTIMIZATION_LEVEL = "-Onone";
			};
			name = Debug;
		};
		DEC2BC0C1F4E0928005E3877 /* Release */ = {
			isa = XCBuildConfiguration;
			buildSettings = {
				ALWAYS_SEARCH_USER_PATHS = NO;
				CLANG_ANALYZER_NONNULL = YES;
				CLANG_ANALYZER_NUMBER_OBJECT_CONVERSION = YES_AGGRESSIVE;
				CLANG_CXX_LANGUAGE_STANDARD = "gnu++0x";
				CLANG_CXX_LIBRARY = "libc++";
				CLANG_ENABLE_MODULES = YES;
				CLANG_ENABLE_OBJC_ARC = YES;
				CLANG_WARN_BOOL_CONVERSION = YES;
				CLANG_WARN_CONSTANT_CONVERSION = YES;
				CLANG_WARN_DIRECT_OBJC_ISA_USAGE = YES_ERROR;
				CLANG_WARN_DOCUMENTATION_COMMENTS = YES;
				CLANG_WARN_EMPTY_BODY = YES;
				CLANG_WARN_ENUM_CONVERSION = YES;
				CLANG_WARN_INFINITE_RECURSION = YES;
				CLANG_WARN_INT_CONVERSION = YES;
				CLANG_WARN_OBJC_ROOT_CLASS = YES_ERROR;
				CLANG_WARN_SUSPICIOUS_MOVE = YES;
				CLANG_WARN_UNREACHABLE_CODE = YES;
				CLANG_WARN__DUPLICATE_METHOD_MATCH = YES;
				"CODE_SIGN_IDENTITY[sdk=iphoneos*]" = "iPhone Developer";
				COPY_PHASE_STRIP = NO;
				DEBUG_INFORMATION_FORMAT = "dwarf-with-dsym";
				ENABLE_NS_ASSERTIONS = NO;
				ENABLE_STRICT_OBJC_MSGSEND = YES;
				GCC_C_LANGUAGE_STANDARD = gnu99;
				GCC_NO_COMMON_BLOCKS = YES;
				GCC_WARN_64_TO_32_BIT_CONVERSION = YES;
				GCC_WARN_ABOUT_RETURN_TYPE = YES_ERROR;
				GCC_WARN_UNDECLARED_SELECTOR = YES;
				GCC_WARN_UNINITIALIZED_AUTOS = YES_AGGRESSIVE;
				GCC_WARN_UNUSED_FUNCTION = YES;
				GCC_WARN_UNUSED_VARIABLE = YES;
				IPHONEOS_DEPLOYMENT_TARGET = 10.3;
				MTL_ENABLE_DEBUG_INFO = NO;
				SDKROOT = iphoneos;
				SWIFT_OPTIMIZATION_LEVEL = "-Owholemodule";
				VALIDATE_PRODUCT = YES;
			};
			name = Release;
		};
		DEC2BC0E1F4E0928005E3877 /* Debug */ = {
			isa = XCBuildConfiguration;
			buildSettings = {
				ASSETCATALOG_COMPILER_APPICON_NAME = AppIcon;
				DEVELOPMENT_TEAM = 586Y78R5TK;
				INFOPLIST_FILE = HortiFruti/Info.plist;
				LD_RUNPATH_SEARCH_PATHS = "$(inherited) @executable_path/Frameworks";
				PRODUCT_BUNDLE_IDENTIFIER = br.com.testes.HortiFruti;
				PRODUCT_NAME = "$(TARGET_NAME)";
				SWIFT_VERSION = 3.0;
			};
			name = Debug;
		};
		DEC2BC0F1F4E0928005E3877 /* Release */ = {
			isa = XCBuildConfiguration;
			buildSettings = {
				ASSETCATALOG_COMPILER_APPICON_NAME = AppIcon;
				DEVELOPMENT_TEAM = 586Y78R5TK;
				INFOPLIST_FILE = HortiFruti/Info.plist;
				LD_RUNPATH_SEARCH_PATHS = "$(inherited) @executable_path/Frameworks";
				PRODUCT_BUNDLE_IDENTIFIER = br.com.testes.HortiFruti;
				PRODUCT_NAME = "$(TARGET_NAME)";
				SWIFT_VERSION = 3.0;
			};
			name = Release;
		};
/* End XCBuildConfiguration section */

/* Begin XCConfigurationList section */
		DEC2BBF61F4E0927005E3877 /* Build configuration list for PBXProject "HortiFruti" */ = {
			isa = XCConfigurationList;
			buildConfigurations = (
				DEC2BC0B1F4E0928005E3877 /* Debug */,
				DEC2BC0C1F4E0928005E3877 /* Release */,
			);
			defaultConfigurationIsVisible = 0;
			defaultConfigurationName = Release;
		};
		DEC2BC0D1F4E0928005E3877 /* Build configuration list for PBXNativeTarget "HortiFruti" */ = {
			isa = XCConfigurationList;
			buildConfigurations = (
				DEC2BC0E1F4E0928005E3877 /* Debug */,
				DEC2BC0F1F4E0928005E3877 /* Release */,
			);
			defaultConfigurationIsVisible = 0;
			defaultConfigurationName = Release;
		};
/* End XCConfigurationList section */
	};
	rootObject = DEC2BBF31F4E0927005E3877 /* Project object */;
}
